// !$*UTF8*$!
{
	archiveVersion = 1;
	classes = {
	};
	objectVersion = 50;
	objects = {

/* Begin PBXBuildFile section */
		C2D13BCB26BBCDA900EDF65C /* 1436.c in Sources */ = {isa = PBXBuildFile; fileRef = C2D13BCA26BBCDA900EDF65C /* 1436.c */; };
/* End PBXBuildFile section */

/* Begin PBXCopyFilesBuildPhase section */
		C2E6060D2693459100ECBA35 /* CopyFiles */ = {
			isa = PBXCopyFilesBuildPhase;
			buildActionMask = 2147483647;
			dstPath = /usr/share/man/man1/;
			dstSubfolderSpec = 0;
			files = (
			);
			runOnlyForDeploymentPostprocessing = 1;
		};
/* End PBXCopyFilesBuildPhase section */

/* Begin PBXFileReference section */
		C204B88B26940C2D00B358C1 /* covert score to grade.c */ = {isa = PBXFileReference; lastKnownFileType = sourcecode.c.c; path = "covert score to grade.c"; sourceTree = "<group>"; };
		C204B88D26940D1800B358C1 /* leap year.c */ = {isa = PBXFileReference; lastKnownFileType = sourcecode.c.c; path = "leap year.c"; sourceTree = "<group>"; };
		C204B88F26940ED300B358C1 /* quadrant.c */ = {isa = PBXFileReference; lastKnownFileType = sourcecode.c.c; path = quadrant.c; sourceTree = "<group>"; };
		C204B89126940FA700B358C1 /* alarm.c */ = {isa = PBXFileReference; lastKnownFileType = sourcecode.c.c; path = alarm.c; sourceTree = "<group>"; };
		C218E58826A50DF700C12F15 /* 1193.c */ = {isa = PBXFileReference; lastKnownFileType = sourcecode.c.c; path = 1193.c; sourceTree = "<group>"; };
		C218E58B26A51EE700C12F15 /* 2581.c */ = {isa = PBXFileReference; lastKnownFileType = sourcecode.c.c; path = 2581.c; sourceTree = "<group>"; };
		C220B91D269E90090066C12C /* 11729.c */ = {isa = PBXFileReference; lastKnownFileType = sourcecode.c.c; path = 11729.c; sourceTree = "<group>"; };
		C2261DE5269405C900D8815D /* remainder.c */ = {isa = PBXFileReference; lastKnownFileType = sourcecode.c.c; path = remainder.c; sourceTree = "<group>"; };
		C2261DE7269407C400D8815D /* multiply.c */ = {isa = PBXFileReference; lastKnownFileType = sourcecode.c.c; path = multiply.c; sourceTree = "<group>"; };
		C2261DEA26940A2400D8815D /* compare two numbers.c */ = {isa = PBXFileReference; lastKnownFileType = sourcecode.c.c; path = "compare two numbers.c"; sourceTree = "<group>"; };
		C23669BD269439470052F310 /* gugudan.c */ = {isa = PBXFileReference; lastKnownFileType = sourcecode.c.c; path = gugudan.c; sourceTree = "<group>"; };
		C23E9DA126B4015400A6308D /* 11654.c */ = {isa = PBXFileReference; lastKnownFileType = sourcecode.c.c; path = 11654.c; sourceTree = "<group>"; };
		C23E9DA326B401D300A6308D /* 11720.c */ = {isa = PBXFileReference; lastKnownFileType = sourcecode.c.c; path = 11720.c; sourceTree = "<group>"; };
		C249DC1226997BF200F9881B /* 2869.c */ = {isa = PBXFileReference; lastKnownFileType = sourcecode.c.c; path = 2869.c; sourceTree = "<group>"; };
		C249DC1426998D4C00F9881B /* 1712.c */ = {isa = PBXFileReference; lastKnownFileType = sourcecode.c.c; path = 1712.c; sourceTree = "<group>"; };
		C249DC1726998F4400F9881B /* 1002.c */ = {isa = PBXFileReference; lastKnownFileType = sourcecode.c.c; path = 1002.c; sourceTree = "<group>"; };
		C24B92DA2696D15C006415B2 /* OX.c */ = {isa = PBXFileReference; lastKnownFileType = sourcecode.c.c; path = OX.c; sourceTree = "<group>"; };
		C24B92DC2696E792006415B2 /* over the average.c */ = {isa = PBXFileReference; lastKnownFileType = sourcecode.c.c; path = "over the average.c"; sourceTree = "<group>"; };
		C24B92DF2696F3A2006415B2 /* plus all integer.c */ = {isa = PBXFileReference; lastKnownFileType = sourcecode.c.c; path = "plus all integer.c"; sourceTree = "<group>"; };
		C24B92E12696FA60006415B2 /* self number.c */ = {isa = PBXFileReference; lastKnownFileType = sourcecode.c.c; path = "self number.c"; sourceTree = "<group>"; };
		C24B92E32696FE15006415B2 /* hansoo.c */ = {isa = PBXFileReference; lastKnownFileType = sourcecode.c.c; path = hansoo.c; sourceTree = "<group>"; };
		C25304F026A6AB5B00B6CC3D /* 2292.c */ = {isa = PBXFileReference; lastKnownFileType = sourcecode.c.c; path = 2292.c; sourceTree = "<group>"; };
		C26252FA269685FF001816DA /* rest.c */ = {isa = PBXFileReference; lastKnownFileType = sourcecode.c.c; path = rest.c; sourceTree = "<group>"; };
		C26252FC26968A9B001816DA /* average.c */ = {isa = PBXFileReference; lastKnownFileType = sourcecode.c.c; path = average.c; sourceTree = "<group>"; };
		C29A5A5526A7029F0056A16D /* 10757.c */ = {isa = PBXFileReference; lastKnownFileType = sourcecode.c.c; path = 10757.c; sourceTree = "<group>"; };
		C2B0BC512693470300A26D56 /* a - b.c */ = {isa = PBXFileReference; lastKnownFileType = sourcecode.c.c; path = "a - b.c"; sourceTree = "<group>"; };
		C2B0BC532693471600A26D56 /* a + b.c */ = {isa = PBXFileReference; lastKnownFileType = sourcecode.c.c; path = "a + b.c"; sourceTree = "<group>"; };
		C2B0BC552693473100A26D56 /* a x b.c */ = {isa = PBXFileReference; lastKnownFileType = sourcecode.c.c; path = "a x b.c"; sourceTree = "<group>"; };
		C2B0BC572693476200A26D56 /* calculate.c */ = {isa = PBXFileReference; lastKnownFileType = sourcecode.c.c; path = calculate.c; sourceTree = "<group>"; };
		C2B0BC592693477200A26D56 /* cat.c */ = {isa = PBXFileReference; lastKnownFileType = sourcecode.c.c; path = cat.c; sourceTree = "<group>"; };
		C2B0BC5B2693478F00A26D56 /* dog.c */ = {isa = PBXFileReference; lastKnownFileType = sourcecode.c.c; path = dog.c; sourceTree = "<group>"; };
		C2B0BC5D269347FC00A26D56 /* helloworld.c */ = {isa = PBXFileReference; lastKnownFileType = sourcecode.c.c; path = helloworld.c; sourceTree = "<group>"; };
		C2B0BC5F2693481200A26D56 /* welovekrii.c */ = {isa = PBXFileReference; lastKnownFileType = sourcecode.c.c; path = welovekrii.c; sourceTree = "<group>"; };
		C2B34BA726ABEBC400CF69A1 /* 9020.c */ = {isa = PBXFileReference; lastKnownFileType = sourcecode.c.c; path = 9020.c; sourceTree = "<group>"; };
		C2D13BC826BBBB2C00EDF65C /* 2798.c */ = {isa = PBXFileReference; lastKnownFileType = sourcecode.c.c; path = 2798.c; sourceTree = "<group>"; };
		C2D13BCA26BBCDA900EDF65C /* 1436.c */ = {isa = PBXFileReference; lastKnownFileType = sourcecode.c.c; path = 1436.c; sourceTree = "<group>"; };
		C2D719DC26943B47005721DB /* a + b - 3.c */ = {isa = PBXFileReference; lastKnownFileType = sourcecode.c.c; path = "a + b - 3.c"; sourceTree = "<group>"; };
		C2D719DF26943DE9005721DB /* add.c */ = {isa = PBXFileReference; lastKnownFileType = sourcecode.c.c; path = add.c; sourceTree = "<group>"; };
		C2D719E126943EE5005721DB /* fast a + b.c */ = {isa = PBXFileReference; lastKnownFileType = sourcecode.c.c; path = "fast a + b.c"; sourceTree = "<group>"; };
		C2D719E326943F9A005721DB /* 1 to n.c */ = {isa = PBXFileReference; lastKnownFileType = sourcecode.c.c; path = "1 to n.c"; sourceTree = "<group>"; };
		C2D719E52694403A005721DB /* n to 1.c */ = {isa = PBXFileReference; lastKnownFileType = sourcecode.c.c; path = "n to 1.c"; sourceTree = "<group>"; };
		C2D719E72694409A005721DB /* case #n: a + b.c */ = {isa = PBXFileReference; lastKnownFileType = sourcecode.c.c; path = "case #n: a + b.c"; sourceTree = "<group>"; };
		C2D719E9269441C6005721DB /* a + b -7.c */ = {isa = PBXFileReference; lastKnownFileType = sourcecode.c.c; path = "a + b -7.c"; sourceTree = "<group>"; };
		C2D719EB26944214005721DB /* star.c */ = {isa = PBXFileReference; lastKnownFileType = sourcecode.c.c; path = star.c; sourceTree = "<group>"; };
		C2D719ED269442EE005721DB /* reverse star.c */ = {isa = PBXFileReference; lastKnownFileType = sourcecode.c.c; path = "reverse star.c"; sourceTree = "<group>"; };
		C2D719EF2694445A005721DB /* <x.c */ = {isa = PBXFileReference; lastKnownFileType = sourcecode.c.c; path = "<x.c"; sourceTree = "<group>"; };
		C2D719F526944581005721DB /* while a + b.c */ = {isa = PBXFileReference; lastKnownFileType = sourcecode.c.c; path = "while a + b.c"; sourceTree = "<group>"; };
		C2D719F726944844005721DB /* while a + b loop.c */ = {isa = PBXFileReference; lastKnownFileType = sourcecode.c.c; path = "while a + b loop.c"; sourceTree = "<group>"; };
		C2E1DCD626B6475A0010178E /* 1011.c */ = {isa = PBXFileReference; lastKnownFileType = sourcecode.c.c; path = 1011.c; sourceTree = "<group>"; };
		C2E1DCD926B6578A0010178E /* 1920.c */ = {isa = PBXFileReference; lastKnownFileType = sourcecode.c.c; path = 1920.c; sourceTree = "<group>"; };
		C2E1DCDB26B658490010178E /* 1978.c */ = {isa = PBXFileReference; lastKnownFileType = sourcecode.c.c; path = 1978.c; sourceTree = "<group>"; };
		C2E6060F2693459100ECBA35 /* C_Algorithm */ = {isa = PBXFileReference; explicitFileType = "compiled.mach-o.executable"; includeInIndex = 0; path = C_Algorithm; sourceTree = BUILT_PRODUCTS_DIR; };
		C2E606122693459100ECBA35 /* a % b.c */ = {isa = PBXFileReference; lastKnownFileType = sourcecode.c.c; path = "a % b.c"; sourceTree = "<group>"; };
		C2E8D98B2695E85900C375D6 /* the number of digit.c */ = {isa = PBXFileReference; lastKnownFileType = sourcecode.c.c; path = "the number of digit.c"; sourceTree = "<group>"; };
		C2ECB0BF2695345B00D253D5 /* add cycle.c */ = {isa = PBXFileReference; lastKnownFileType = sourcecode.c.c; path = "add cycle.c"; sourceTree = "<group>"; };
		C2ECB0C226953C2700D253D5 /* max,min.c */ = {isa = PBXFileReference; lastKnownFileType = sourcecode.c.c; path = "max,min.c"; sourceTree = "<group>"; };
		C2ECB0C52695444200D253D5 /* max.c */ = {isa = PBXFileReference; lastKnownFileType = sourcecode.c.c; path = max.c; sourceTree = "<group>"; };
		C2ED0DCB26A5D53B004B431D /* 10250.c */ = {isa = PBXFileReference; lastKnownFileType = sourcecode.c.c; path = 10250.c; sourceTree = "<group>"; };
/* End PBXFileReference section */

/* Begin PBXFrameworksBuildPhase section */
		C2E6060C2693459100ECBA35 /* Frameworks */ = {
			isa = PBXFrameworksBuildPhase;
			buildActionMask = 2147483647;
			files = (
			);
			runOnlyForDeploymentPostprocessing = 0;
		};
/* End PBXFrameworksBuildPhase section */

/* Begin PBXGroup section */
		C204B8932694131D00B358C1 /* lv3 */ = {
			isa = PBXGroup;
			children = (
				C23669BD269439470052F310 /* gugudan.c */,
				C2D719DC26943B47005721DB /* a + b - 3.c */,
				C2D719DF26943DE9005721DB /* add.c */,
				C2D719E126943EE5005721DB /* fast a + b.c */,
				C2D719E326943F9A005721DB /* 1 to n.c */,
				C2D719E52694403A005721DB /* n to 1.c */,
				C2D719E72694409A005721DB /* case #n: a + b.c */,
				C2D719E9269441C6005721DB /* a + b -7.c */,
				C2D719EB26944214005721DB /* star.c */,
				C2D719ED269442EE005721DB /* reverse star.c */,
				C2D719EF2694445A005721DB /* <x.c */,
			);
			path = lv3;
			sourceTree = "<group>";
		};
		C220B91C269E8F660066C12C /* lv10 */ = {
			isa = PBXGroup;
			children = (
				C220B91D269E90090066C12C /* 11729.c */,
			);
			path = lv10;
			sourceTree = "<group>";
		};
		C2261DE9269409E700D8815D /* lv2 */ = {
			isa = PBXGroup;
			children = (
				C2261DEA26940A2400D8815D /* compare two numbers.c */,
				C204B88B26940C2D00B358C1 /* covert score to grade.c */,
				C204B88D26940D1800B358C1 /* leap year.c */,
				C204B88F26940ED300B358C1 /* quadrant.c */,
				C204B89126940FA700B358C1 /* alarm.c */,
			);
			path = lv2;
			sourceTree = "<group>";
		};
		C249DC1026997BA700F9881B /* lv7 */ = {
			isa = PBXGroup;
			children = (
				C23E9DA126B4015400A6308D /* 11654.c */,
				C23E9DA326B401D300A6308D /* 11720.c */,
			);
			path = lv7;
			sourceTree = "<group>";
		};
		C249DC1126997BAE00F9881B /* lv8 */ = {
			isa = PBXGroup;
			children = (
				C249DC1226997BF200F9881B /* 2869.c */,
				C249DC1426998D4C00F9881B /* 1712.c */,
				C218E58826A50DF700C12F15 /* 1193.c */,
				C2ED0DCB26A5D53B004B431D /* 10250.c */,
				C25304F026A6AB5B00B6CC3D /* 2292.c */,
				C29A5A5526A7029F0056A16D /* 10757.c */,
				C2E1DCD626B6475A0010178E /* 1011.c */,
			);
			path = lv8;
			sourceTree = "<group>";
		};
		C249DC1626998F3600F9881B /* lv9 */ = {
			isa = PBXGroup;
			children = (
				C218E58B26A51EE700C12F15 /* 2581.c */,
				C249DC1726998F4400F9881B /* 1002.c */,
				C2B34BA726ABEBC400CF69A1 /* 9020.c */,
				C2E1DCDB26B658490010178E /* 1978.c */,
			);
			path = lv9;
			sourceTree = "<group>";
		};
		C24B92DE2696F372006415B2 /* lv6 */ = {
			isa = PBXGroup;
			children = (
				C24B92DF2696F3A2006415B2 /* plus all integer.c */,
				C24B92E12696FA60006415B2 /* self number.c */,
				C24B92E32696FE15006415B2 /* hansoo.c */,
			);
			path = lv6;
			sourceTree = "<group>";
		};
		C2B0BC502693468F00A26D56 /* lv1 */ = {
			isa = PBXGroup;
			children = (
				C2E606122693459100ECBA35 /* a % b.c */,
				C2B0BC512693470300A26D56 /* a - b.c */,
				C2B0BC532693471600A26D56 /* a + b.c */,
				C2B0BC552693473100A26D56 /* a x b.c */,
				C2B0BC572693476200A26D56 /* calculate.c */,
				C2B0BC592693477200A26D56 /* cat.c */,
				C2B0BC5B2693478F00A26D56 /* dog.c */,
				C2B0BC5D269347FC00A26D56 /* helloworld.c */,
				C2B0BC5F2693481200A26D56 /* welovekrii.c */,
				C2261DE5269405C900D8815D /* remainder.c */,
				C2261DE7269407C400D8815D /* multiply.c */,
			);
			path = lv1;
			sourceTree = "<group>";
		};
		C2D13BC726BBBB1C00EDF65C /* lv11 */ = {
			isa = PBXGroup;
			children = (
				C2D13BC826BBBB2C00EDF65C /* 2798.c */,
				C2D13BCA26BBCDA900EDF65C /* 1436.c */,
			);
			path = lv11;
			sourceTree = "<group>";
		};
		C2D719F126944543005721DB /* lv4 */ = {
			isa = PBXGroup;
			children = (
				C2D719F526944581005721DB /* while a + b.c */,
				C2D719F726944844005721DB /* while a + b loop.c */,
				C2ECB0BF2695345B00D253D5 /* add cycle.c */,
			);
			path = lv4;
			sourceTree = "<group>";
		};
		C2E1DCD826B6576C0010178E /* lv21 */ = {
			isa = PBXGroup;
			children = (
				C2E1DCD926B6578A0010178E /* 1920.c */,
			);
			path = lv21;
			sourceTree = "<group>";
		};
		C2E606062693459100ECBA35 = {
			isa = PBXGroup;
			children = (
				C2E606112693459100ECBA35 /* C_Algorithm */,
				C2E606102693459100ECBA35 /* Products */,
			);
			sourceTree = "<group>";
		};
		C2E606102693459100ECBA35 /* Products */ = {
			isa = PBXGroup;
			children = (
				C2E6060F2693459100ECBA35 /* C_Algorithm */,
			);
			name = Products;
			sourceTree = "<group>";
		};
		C2E606112693459100ECBA35 /* C_Algorithm */ = {
			isa = PBXGroup;
			children = (
				C2D13BC726BBBB1C00EDF65C /* lv11 */,
				C2E1DCD826B6576C0010178E /* lv21 */,
				C220B91C269E8F660066C12C /* lv10 */,
				C249DC1626998F3600F9881B /* lv9 */,
				C249DC1126997BAE00F9881B /* lv8 */,
				C249DC1026997BA700F9881B /* lv7 */,
				C24B92DE2696F372006415B2 /* lv6 */,
				C2ECB0C126953C1600D253D5 /* lv5 */,
				C2D719F126944543005721DB /* lv4 */,
				C204B8932694131D00B358C1 /* lv3 */,
				C2261DE9269409E700D8815D /* lv2 */,
				C2B0BC502693468F00A26D56 /* lv1 */,
			);
			path = C_Algorithm;
			sourceTree = "<group>";
		};
		C2ECB0C126953C1600D253D5 /* lv5 */ = {
			isa = PBXGroup;
			children = (
				C2ECB0C226953C2700D253D5 /* max,min.c */,
				C2ECB0C52695444200D253D5 /* max.c */,
				C2E8D98B2695E85900C375D6 /* the number of digit.c */,
				C26252FA269685FF001816DA /* rest.c */,
				C26252FC26968A9B001816DA /* average.c */,
				C24B92DA2696D15C006415B2 /* OX.c */,
				C24B92DC2696E792006415B2 /* over the average.c */,
			);
			path = lv5;
			sourceTree = "<group>";
		};
/* End PBXGroup section */

/* Begin PBXNativeTarget section */
		C2E6060E2693459100ECBA35 /* C_Algorithm */ = {
			isa = PBXNativeTarget;
			buildConfigurationList = C2E606162693459100ECBA35 /* Build configuration list for PBXNativeTarget "C_Algorithm" */;
			buildPhases = (
				C2E6060B2693459100ECBA35 /* Sources */,
				C2E6060C2693459100ECBA35 /* Frameworks */,
				C2E6060D2693459100ECBA35 /* CopyFiles */,
			);
			buildRules = (
			);
			dependencies = (
			);
			name = C_Algorithm;
			productName = C_Algorithm;
			productReference = C2E6060F2693459100ECBA35 /* C_Algorithm */;
			productType = "com.apple.product-type.tool";
		};
/* End PBXNativeTarget section */

/* Begin PBXProject section */
		C2E606072693459100ECBA35 /* Project object */ = {
			isa = PBXProject;
			attributes = {
				LastUpgradeCheck = 1250;
				TargetAttributes = {
					C2E6060E2693459100ECBA35 = {
						CreatedOnToolsVersion = 12.5.1;
					};
				};
			};
			buildConfigurationList = C2E6060A2693459100ECBA35 /* Build configuration list for PBXProject "C_Algorithm" */;
			compatibilityVersion = "Xcode 9.3";
			developmentRegion = en;
			hasScannedForEncodings = 0;
			knownRegions = (
				en,
				Base,
			);
			mainGroup = C2E606062693459100ECBA35;
			productRefGroup = C2E606102693459100ECBA35 /* Products */;
			projectDirPath = "";
			projectRoot = "";
			targets = (
				C2E6060E2693459100ECBA35 /* C_Algorithm */,
			);
		};
/* End PBXProject section */

/* Begin PBXSourcesBuildPhase section */
		C2E6060B2693459100ECBA35 /* Sources */ = {
			isa = PBXSourcesBuildPhase;
			buildActionMask = 2147483647;
			files = (
				C2D13BCB26BBCDA900EDF65C /* 1436.c in Sources */,
			);
			runOnlyForDeploymentPostprocessing = 0;
		};
/* End PBXSourcesBuildPhase section */

/* Begin XCBuildConfiguration section */
		C2E606142693459100ECBA35 /* Debug */ = {
			isa = XCBuildConfiguration;
			buildSettings = {
				ALWAYS_SEARCH_USER_PATHS = NO;
				CLANG_ANALYZER_NONNULL = YES;
				CLANG_ANALYZER_NUMBER_OBJECT_CONVERSION = YES_AGGRESSIVE;
				CLANG_CXX_LANGUAGE_STANDARD = "gnu++14";
				CLANG_CXX_LIBRARY = "libc++";
				CLANG_ENABLE_MODULES = YES;
				CLANG_ENABLE_OBJC_ARC = YES;
				CLANG_ENABLE_OBJC_WEAK = YES;
				CLANG_WARN_BLOCK_CAPTURE_AUTORELEASING = YES;
				CLANG_WARN_BOOL_CONVERSION = YES;
				CLANG_WARN_COMMA = YES;
				CLANG_WARN_CONSTANT_CONVERSION = YES;
				CLANG_WARN_DEPRECATED_OBJC_IMPLEMENTATIONS = YES;
				CLANG_WARN_DIRECT_OBJC_ISA_USAGE = YES_ERROR;
				CLANG_WARN_DOCUMENTATION_COMMENTS = YES;
				CLANG_WARN_EMPTY_BODY = YES;
				CLANG_WARN_ENUM_CONVERSION = YES;
				CLANG_WARN_INFINITE_RECURSION = YES;
				CLANG_WARN_INT_CONVERSION = YES;
				CLANG_WARN_NON_LITERAL_NULL_CONVERSION = YES;
				CLANG_WARN_OBJC_IMPLICIT_RETAIN_SELF = YES;
				CLANG_WARN_OBJC_LITERAL_CONVERSION = YES;
				CLANG_WARN_OBJC_ROOT_CLASS = YES_ERROR;
				CLANG_WARN_QUOTED_INCLUDE_IN_FRAMEWORK_HEADER = YES;
				CLANG_WARN_RANGE_LOOP_ANALYSIS = YES;
				CLANG_WARN_STRICT_PROTOTYPES = YES;
				CLANG_WARN_SUSPICIOUS_MOVE = YES;
				CLANG_WARN_UNGUARDED_AVAILABILITY = YES_AGGRESSIVE;
				CLANG_WARN_UNREACHABLE_CODE = YES;
				CLANG_WARN__DUPLICATE_METHOD_MATCH = YES;
				COPY_PHASE_STRIP = NO;
				DEBUG_INFORMATION_FORMAT = dwarf;
				ENABLE_STRICT_OBJC_MSGSEND = YES;
				ENABLE_TESTABILITY = YES;
				GCC_C_LANGUAGE_STANDARD = gnu11;
				GCC_DYNAMIC_NO_PIC = NO;
				GCC_NO_COMMON_BLOCKS = YES;
				GCC_OPTIMIZATION_LEVEL = 0;
				GCC_PREPROCESSOR_DEFINITIONS = (
					"DEBUG=1",
					"$(inherited)",
				);
				GCC_WARN_64_TO_32_BIT_CONVERSION = YES;
				GCC_WARN_ABOUT_RETURN_TYPE = YES_ERROR;
				GCC_WARN_UNDECLARED_SELECTOR = YES;
				GCC_WARN_UNINITIALIZED_AUTOS = YES_AGGRESSIVE;
				GCC_WARN_UNUSED_FUNCTION = YES;
				GCC_WARN_UNUSED_VARIABLE = YES;
				MACOSX_DEPLOYMENT_TARGET = 11.3;
				MTL_ENABLE_DEBUG_INFO = INCLUDE_SOURCE;
				MTL_FAST_MATH = YES;
				ONLY_ACTIVE_ARCH = YES;
				SDKROOT = macosx;
			};
			name = Debug;
		};
		C2E606152693459100ECBA35 /* Release */ = {
			isa = XCBuildConfiguration;
			buildSettings = {
				ALWAYS_SEARCH_USER_PATHS = NO;
				CLANG_ANALYZER_NONNULL = YES;
				CLANG_ANALYZER_NUMBER_OBJECT_CONVERSION = YES_AGGRESSIVE;
				CLANG_CXX_LANGUAGE_STANDARD = "gnu++14";
				CLANG_CXX_LIBRARY = "libc++";
				CLANG_ENABLE_MODULES = YES;
				CLANG_ENABLE_OBJC_ARC = YES;
				CLANG_ENABLE_OBJC_WEAK = YES;
				CLANG_WARN_BLOCK_CAPTURE_AUTORELEASING = YES;
				CLANG_WARN_BOOL_CONVERSION = YES;
				CLANG_WARN_COMMA = YES;
				CLANG_WARN_CONSTANT_CONVERSION = YES;
				CLANG_WARN_DEPRECATED_OBJC_IMPLEMENTATIONS = YES;
				CLANG_WARN_DIRECT_OBJC_ISA_USAGE = YES_ERROR;
				CLANG_WARN_DOCUMENTATION_COMMENTS = YES;
				CLANG_WARN_EMPTY_BODY = YES;
				CLANG_WARN_ENUM_CONVERSION = YES;
				CLANG_WARN_INFINITE_RECURSION = YES;
				CLANG_WARN_INT_CONVERSION = YES;
				CLANG_WARN_NON_LITERAL_NULL_CONVERSION = YES;
				CLANG_WARN_OBJC_IMPLICIT_RETAIN_SELF = YES;
				CLANG_WARN_OBJC_LITERAL_CONVERSION = YES;
				CLANG_WARN_OBJC_ROOT_CLASS = YES_ERROR;
				CLANG_WARN_QUOTED_INCLUDE_IN_FRAMEWORK_HEADER = YES;
				CLANG_WARN_RANGE_LOOP_ANALYSIS = YES;
				CLANG_WARN_STRICT_PROTOTYPES = YES;
				CLANG_WARN_SUSPICIOUS_MOVE = YES;
				CLANG_WARN_UNGUARDED_AVAILABILITY = YES_AGGRESSIVE;
				CLANG_WARN_UNREACHABLE_CODE = YES;
				CLANG_WARN__DUPLICATE_METHOD_MATCH = YES;
				COPY_PHASE_STRIP = NO;
				DEBUG_INFORMATION_FORMAT = "dwarf-with-dsym";
				ENABLE_NS_ASSERTIONS = NO;
				ENABLE_STRICT_OBJC_MSGSEND = YES;
				GCC_C_LANGUAGE_STANDARD = gnu11;
				GCC_NO_COMMON_BLOCKS = YES;
				GCC_WARN_64_TO_32_BIT_CONVERSION = YES;
				GCC_WARN_ABOUT_RETURN_TYPE = YES_ERROR;
				GCC_WARN_UNDECLARED_SELECTOR = YES;
				GCC_WARN_UNINITIALIZED_AUTOS = YES_AGGRESSIVE;
				GCC_WARN_UNUSED_FUNCTION = YES;
				GCC_WARN_UNUSED_VARIABLE = YES;
				MACOSX_DEPLOYMENT_TARGET = 11.3;
				MTL_ENABLE_DEBUG_INFO = NO;
				MTL_FAST_MATH = YES;
				SDKROOT = macosx;
			};
			name = Release;
		};
		C2E606172693459100ECBA35 /* Debug */ = {
			isa = XCBuildConfiguration;
			buildSettings = {
				CODE_SIGN_STYLE = Automatic;
				DEVELOPMENT_TEAM = N4V3TR8X36;
				ENABLE_HARDENED_RUNTIME = YES;
				PRODUCT_NAME = "$(TARGET_NAME)";
			};
			name = Debug;
		};
		C2E606182693459100ECBA35 /* Release */ = {
			isa = XCBuildConfiguration;
			buildSettings = {
				CODE_SIGN_STYLE = Automatic;
				DEVELOPMENT_TEAM = N4V3TR8X36;
				ENABLE_HARDENED_RUNTIME = YES;
				PRODUCT_NAME = "$(TARGET_NAME)";
			};
			name = Release;
		};
/* End XCBuildConfiguration section */

/* Begin XCConfigurationList section */
		C2E6060A2693459100ECBA35 /* Build configuration list for PBXProject "C_Algorithm" */ = {
			isa = XCConfigurationList;
			buildConfigurations = (
				C2E606142693459100ECBA35 /* Debug */,
				C2E606152693459100ECBA35 /* Release */,
			);
			defaultConfigurationIsVisible = 0;
			defaultConfigurationName = Release;
		};
		C2E606162693459100ECBA35 /* Build configuration list for PBXNativeTarget "C_Algorithm" */ = {
			isa = XCConfigurationList;
			buildConfigurations = (
				C2E606172693459100ECBA35 /* Debug */,
				C2E606182693459100ECBA35 /* Release */,
			);
			defaultConfigurationIsVisible = 0;
			defaultConfigurationName = Release;
		};
/* End XCConfigurationList section */
	};
	rootObject = C2E606072693459100ECBA35 /* Project object */;
}
